// !$*UTF8*$!
{
	archiveVersion = 1;
	classes = {
	};
	objectVersion = 50;
	objects = {

/* Begin PBXBuildFile section */
		1B93231E2200B24C007431B0 /* AppDelegate.swift in Sources */ = {isa = PBXBuildFile; fileRef = 1B93231D2200B24C007431B0 /* AppDelegate.swift */; };
		1B9323202200B24C007431B0 /* ViewController.swift in Sources */ = {isa = PBXBuildFile; fileRef = 1B93231F2200B24C007431B0 /* ViewController.swift */; };
		1B9323232200B24C007431B0 /* Main.storyboard in Resources */ = {isa = PBXBuildFile; fileRef = 1B9323212200B24C007431B0 /* Main.storyboard */; };
		1B9323262200B24C007431B0 /* CountingLabelSwift.xcdatamodeld in Sources */ = {isa = PBXBuildFile; fileRef = 1B9323242200B24C007431B0 /* CountingLabelSwift.xcdatamodeld */; };
		1B9323282200B24F007431B0 /* Assets.xcassets in Resources */ = {isa = PBXBuildFile; fileRef = 1B9323272200B24F007431B0 /* Assets.xcassets */; };
		1B93232B2200B24F007431B0 /* LaunchScreen.storyboard in Resources */ = {isa = PBXBuildFile; fileRef = 1B9323292200B24F007431B0 /* LaunchScreen.storyboard */; };
		1B9323362200B24F007431B0 /* CountingLabelSwiftTests.swift in Sources */ = {isa = PBXBuildFile; fileRef = 1B9323352200B24F007431B0 /* CountingLabelSwiftTests.swift */; };
		1B9323412200B24F007431B0 /* CountingLabelSwiftUITests.swift in Sources */ = {isa = PBXBuildFile; fileRef = 1B9323402200B24F007431B0 /* CountingLabelSwiftUITests.swift */; };
		1B93234F2200B8CF007431B0 /* CountingLabel.swift in Sources */ = {isa = PBXBuildFile; fileRef = 1B93234E2200B8CF007431B0 /* CountingLabel.swift */; };
/* End PBXBuildFile section */

/* Begin PBXContainerItemProxy section */
		1B9323322200B24F007431B0 /* PBXContainerItemProxy */ = {
			isa = PBXContainerItemProxy;
			containerPortal = 1B9323122200B24C007431B0 /* Project object */;
			proxyType = 1;
			remoteGlobalIDString = 1B9323192200B24C007431B0;
			remoteInfo = CountingLabelSwift;
		};
		1B93233D2200B24F007431B0 /* PBXContainerItemProxy */ = {
			isa = PBXContainerItemProxy;
			containerPortal = 1B9323122200B24C007431B0 /* Project object */;
			proxyType = 1;
			remoteGlobalIDString = 1B9323192200B24C007431B0;
			remoteInfo = CountingLabelSwift;
		};
/* End PBXContainerItemProxy section */

/* Begin PBXFileReference section */
		1B93231A2200B24C007431B0 /* CountingLabelSwift.app */ = {isa = PBXFileReference; explicitFileType = wrapper.application; includeInIndex = 0; path = CountingLabelSwift.app; sourceTree = BUILT_PRODUCTS_DIR; };
		1B93231D2200B24C007431B0 /* AppDelegate.swift */ = {isa = PBXFileReference; lastKnownFileType = sourcecode.swift; path = AppDelegate.swift; sourceTree = "<group>"; };
		1B93231F2200B24C007431B0 /* ViewController.swift */ = {isa = PBXFileReference; lastKnownFileType = sourcecode.swift; path = ViewController.swift; sourceTree = "<group>"; };
		1B9323222200B24C007431B0 /* Base */ = {isa = PBXFileReference; lastKnownFileType = file.storyboard; name = Base; path = Base.lproj/Main.storyboard; sourceTree = "<group>"; };
		1B9323252200B24C007431B0 /* CountingLabelSwift.xcdatamodel */ = {isa = PBXFileReference; lastKnownFileType = wrapper.xcdatamodel; path = CountingLabelSwift.xcdatamodel; sourceTree = "<group>"; };
		1B9323272200B24F007431B0 /* Assets.xcassets */ = {isa = PBXFileReference; lastKnownFileType = folder.assetcatalog; path = Assets.xcassets; sourceTree = "<group>"; };
		1B93232A2200B24F007431B0 /* Base */ = {isa = PBXFileReference; lastKnownFileType = file.storyboard; name = Base; path = Base.lproj/LaunchScreen.storyboard; sourceTree = "<group>"; };
		1B93232C2200B24F007431B0 /* Info.plist */ = {isa = PBXFileReference; lastKnownFileType = text.plist.xml; path = Info.plist; sourceTree = "<group>"; };
		1B9323312200B24F007431B0 /* CountingLabelSwiftTests.xctest */ = {isa = PBXFileReference; explicitFileType = wrapper.cfbundle; includeInIndex = 0; path = CountingLabelSwiftTests.xctest; sourceTree = BUILT_PRODUCTS_DIR; };
		1B9323352200B24F007431B0 /* CountingLabelSwiftTests.swift */ = {isa = PBXFileReference; lastKnownFileType = sourcecode.swift; path = CountingLabelSwiftTests.swift; sourceTree = "<group>"; };
		1B9323372200B24F007431B0 /* Info.plist */ = {isa = PBXFileReference; lastKnownFileType = text.plist.xml; path = Info.plist; sourceTree = "<group>"; };
		1B93233C2200B24F007431B0 /* CountingLabelSwiftUITests.xctest */ = {isa = PBXFileReference; explicitFileType = wrapper.cfbundle; includeInIndex = 0; path = CountingLabelSwiftUITests.xctest; sourceTree = BUILT_PRODUCTS_DIR; };
		1B9323402200B24F007431B0 /* CountingLabelSwiftUITests.swift */ = {isa = PBXFileReference; lastKnownFileType = sourcecode.swift; path = CountingLabelSwiftUITests.swift; sourceTree = "<group>"; };
		1B9323422200B24F007431B0 /* Info.plist */ = {isa = PBXFileReference; lastKnownFileType = text.plist.xml; path = Info.plist; sourceTree = "<group>"; };
		1B93234E2200B8CF007431B0 /* CountingLabel.swift */ = {isa = PBXFileReference; lastKnownFileType = sourcecode.swift; path = CountingLabel.swift; sourceTree = "<group>"; };
/* End PBXFileReference section */

/* Begin PBXFrameworksBuildPhase section */
		1B9323172200B24C007431B0 /* Frameworks */ = {
			isa = PBXFrameworksBuildPhase;
			buildActionMask = 2147483647;
			files = (
			);
			runOnlyForDeploymentPostprocessing = 0;
		};
		1B93232E2200B24F007431B0 /* Frameworks */ = {
			isa = PBXFrameworksBuildPhase;
			buildActionMask = 2147483647;
			files = (
			);
			runOnlyForDeploymentPostprocessing = 0;
		};
		1B9323392200B24F007431B0 /* Frameworks */ = {
			isa = PBXFrameworksBuildPhase;
			buildActionMask = 2147483647;
			files = (
			);
			runOnlyForDeploymentPostprocessing = 0;
		};
/* End PBXFrameworksBuildPhase section */

/* Begin PBXGroup section */
		1B9323112200B24C007431B0 = {
			isa = PBXGroup;
			children = (
				1B93231C2200B24C007431B0 /* CountingLabelSwift */,
				1B9323342200B24F007431B0 /* CountingLabelSwiftTests */,
				1B93233F2200B24F007431B0 /* CountingLabelSwiftUITests */,
				1B93231B2200B24C007431B0 /* Products */,
			);
			sourceTree = "<group>";
		};
		1B93231B2200B24C007431B0 /* Products */ = {
			isa = PBXGroup;
			children = (
				1B93231A2200B24C007431B0 /* CountingLabelSwift.app */,
				1B9323312200B24F007431B0 /* CountingLabelSwiftTests.xctest */,
				1B93233C2200B24F007431B0 /* CountingLabelSwiftUITests.xctest */,
			);
			name = Products;
			sourceTree = "<group>";
		};
		1B93231C2200B24C007431B0 /* CountingLabelSwift */ = {
			isa = PBXGroup;
			children = (
				1B93231D2200B24C007431B0 /* AppDelegate.swift */,
				1B93234E2200B8CF007431B0 /* CountingLabel.swift */,
				1B93231F2200B24C007431B0 /* ViewController.swift */,
				1B9323212200B24C007431B0 /* Main.storyboard */,
				1B9323272200B24F007431B0 /* Assets.xcassets */,
				1B9323292200B24F007431B0 /* LaunchScreen.storyboard */,
				1B93232C2200B24F007431B0 /* Info.plist */,
				1B9323242200B24C007431B0 /* CountingLabelSwift.xcdatamodeld */,
			);
			path = CountingLabelSwift;
			sourceTree = "<group>";
		};
		1B9323342200B24F007431B0 /* CountingLabelSwiftTests */ = {
			isa = PBXGroup;
			children = (
				1B9323352200B24F007431B0 /* CountingLabelSwiftTests.swift */,
				1B9323372200B24F007431B0 /* Info.plist */,
			);
			path = CountingLabelSwiftTests;
			sourceTree = "<group>";
		};
		1B93233F2200B24F007431B0 /* CountingLabelSwiftUITests */ = {
			isa = PBXGroup;
			children = (
				1B9323402200B24F007431B0 /* CountingLabelSwiftUITests.swift */,
				1B9323422200B24F007431B0 /* Info.plist */,
			);
			path = CountingLabelSwiftUITests;
			sourceTree = "<group>";
		};
/* End PBXGroup section */

/* Begin PBXNativeTarget section */
		1B9323192200B24C007431B0 /* CountingLabelSwift */ = {
			isa = PBXNativeTarget;
			buildConfigurationList = 1B9323452200B24F007431B0 /* Build configuration list for PBXNativeTarget "CountingLabelSwift" */;
			buildPhases = (
				1B9323162200B24C007431B0 /* Sources */,
				1B9323172200B24C007431B0 /* Frameworks */,
				1B9323182200B24C007431B0 /* Resources */,
			);
			buildRules = (
			);
			dependencies = (
			);
			name = CountingLabelSwift;
			productName = CountingLabelSwift;
			productReference = 1B93231A2200B24C007431B0 /* CountingLabelSwift.app */;
			productType = "com.apple.product-type.application";
		};
		1B9323302200B24F007431B0 /* CountingLabelSwiftTests */ = {
			isa = PBXNativeTarget;
			buildConfigurationList = 1B9323482200B24F007431B0 /* Build configuration list for PBXNativeTarget "CountingLabelSwiftTests" */;
			buildPhases = (
				1B93232D2200B24F007431B0 /* Sources */,
				1B93232E2200B24F007431B0 /* Frameworks */,
				1B93232F2200B24F007431B0 /* Resources */,
			);
			buildRules = (
			);
			dependencies = (
				1B9323332200B24F007431B0 /* PBXTargetDependency */,
			);
			name = CountingLabelSwiftTests;
			productName = CountingLabelSwiftTests;
			productReference = 1B9323312200B24F007431B0 /* CountingLabelSwiftTests.xctest */;
			productType = "com.apple.product-type.bundle.unit-test";
		};
		1B93233B2200B24F007431B0 /* CountingLabelSwiftUITests */ = {
			isa = PBXNativeTarget;
			buildConfigurationList = 1B93234B2200B24F007431B0 /* Build configuration list for PBXNativeTarget "CountingLabelSwiftUITests" */;
			buildPhases = (
				1B9323382200B24F007431B0 /* Sources */,
				1B9323392200B24F007431B0 /* Frameworks */,
				1B93233A2200B24F007431B0 /* Resources */,
			);
			buildRules = (
			);
			dependencies = (
				1B93233E2200B24F007431B0 /* PBXTargetDependency */,
			);
			name = CountingLabelSwiftUITests;
			productName = CountingLabelSwiftUITests;
			productReference = 1B93233C2200B24F007431B0 /* CountingLabelSwiftUITests.xctest */;
			productType = "com.apple.product-type.bundle.ui-testing";
		};
/* End PBXNativeTarget section */

/* Begin PBXProject section */
		1B9323122200B24C007431B0 /* Project object */ = {
			isa = PBXProject;
			attributes = {
				LastSwiftUpdateCheck = 1010;
				LastUpgradeCheck = 1010;
				ORGANIZATIONNAME = Vinitha;
				TargetAttributes = {
					1B9323192200B24C007431B0 = {
						CreatedOnToolsVersion = 10.1;
					};
					1B9323302200B24F007431B0 = {
						CreatedOnToolsVersion = 10.1;
						TestTargetID = 1B9323192200B24C007431B0;
					};
					1B93233B2200B24F007431B0 = {
						CreatedOnToolsVersion = 10.1;
						TestTargetID = 1B9323192200B24C007431B0;
					};
				};
			};
			buildConfigurationList = 1B9323152200B24C007431B0 /* Build configuration list for PBXProject "CountingLabelSwift" */;
			compatibilityVersion = "Xcode 9.3";
			developmentRegion = en;
			hasScannedForEncodings = 0;
			knownRegions = (
				en,
				Base,
			);
			mainGroup = 1B9323112200B24C007431B0;
			productRefGroup = 1B93231B2200B24C007431B0 /* Products */;
			projectDirPath = "";
			projectRoot = "";
			targets = (
				1B9323192200B24C007431B0 /* CountingLabelSwift */,
				1B9323302200B24F007431B0 /* CountingLabelSwiftTests */,
				1B93233B2200B24F007431B0 /* CountingLabelSwiftUITests */,
			);
		};
/* End PBXProject section */

/* Begin PBXResourcesBuildPhase section */
		1B9323182200B24C007431B0 /* Resources */ = {
			isa = PBXResourcesBuildPhase;
			buildActionMask = 2147483647;
			files = (
				1B93232B2200B24F007431B0 /* LaunchScreen.storyboard in Resources */,
				1B9323282200B24F007431B0 /* Assets.xcassets in Resources */,
				1B9323232200B24C007431B0 /* Main.storyboard in Resources */,
			);
			runOnlyForDeploymentPostprocessing = 0;
		};
		1B93232F2200B24F007431B0 /* Resources */ = {
			isa = PBXResourcesBuildPhase;
			buildActionMask = 2147483647;
			files = (
			);
			runOnlyForDeploymentPostprocessing = 0;
		};
		1B93233A2200B24F007431B0 /* Resources */ = {
			isa = PBXResourcesBuildPhase;
			buildActionMask = 2147483647;
			files = (
			);
			runOnlyForDeploymentPostprocessing = 0;
		};
/* End PBXResourcesBuildPhase section */

/* Begin PBXSourcesBuildPhase section */
		1B9323162200B24C007431B0 /* Sources */ = {
			isa = PBXSourcesBuildPhase;
			buildActionMask = 2147483647;
			files = (
				1B9323202200B24C007431B0 /* ViewController.swift in Sources */,
				1B93234F2200B8CF007431B0 /* CountingLabel.swift in Sources */,
				1B93231E2200B24C007431B0 /* AppDelegate.swift in Sources */,
				1B9323262200B24C007431B0 /* CountingLabelSwift.xcdatamodeld in Sources */,
			);
			runOnlyForDeploymentPostprocessing = 0;
		};
		1B93232D2200B24F007431B0 /* Sources */ = {
			isa = PBXSourcesBuildPhase;
			buildActionMask = 2147483647;
			files = (
				1B9323362200B24F007431B0 /* CountingLabelSwiftTests.swift in Sources */,
			);
			runOnlyForDeploymentPostprocessing = 0;
		};
		1B9323382200B24F007431B0 /* Sources */ = {
			isa = PBXSourcesBuildPhase;
			buildActionMask = 2147483647;
			files = (
				1B9323412200B24F007431B0 /* CountingLabelSwiftUITests.swift in Sources */,
			);
			runOnlyForDeploymentPostprocessing = 0;
		};
/* End PBXSourcesBuildPhase section */

/* Begin PBXTargetDependency section */
		1B9323332200B24F007431B0 /* PBXTargetDependency */ = {
			isa = PBXTargetDependency;
			target = 1B9323192200B24C007431B0 /* CountingLabelSwift */;
			targetProxy = 1B9323322200B24F007431B0 /* PBXContainerItemProxy */;
		};
		1B93233E2200B24F007431B0 /* PBXTargetDependency */ = {
			isa = PBXTargetDependency;
			target = 1B9323192200B24C007431B0 /* CountingLabelSwift */;
			targetProxy = 1B93233D2200B24F007431B0 /* PBXContainerItemProxy */;
		};
/* End PBXTargetDependency section */

/* Begin PBXVariantGroup section */
		1B9323212200B24C007431B0 /* Main.storyboard */ = {
			isa = PBXVariantGroup;
			children = (
				1B9323222200B24C007431B0 /* Base */,
			);
			name = Main.storyboard;
			sourceTree = "<group>";
		};
		1B9323292200B24F007431B0 /* LaunchScreen.storyboard */ = {
			isa = PBXVariantGroup;
			children = (
				1B93232A2200B24F007431B0 /* Base */,
			);
			name = LaunchScreen.storyboard;
			sourceTree = "<group>";
		};
/* End PBXVariantGroup section */

/* Begin XCBuildConfiguration section */
		1B9323432200B24F007431B0 /* Debug */ = {
			isa = XCBuildConfiguration;
			buildSettings = {
				ALWAYS_SEARCH_USER_PATHS = NO;
				CLANG_ANALYZER_NONNULL = YES;
				CLANG_ANALYZER_NUMBER_OBJECT_CONVERSION = YES_AGGRESSIVE;
				CLANG_CXX_LANGUAGE_STANDARD = "gnu++14";
				CLANG_CXX_LIBRARY = "libc++";
				CLANG_ENABLE_MODULES = YES;
				CLANG_ENABLE_OBJC_ARC = YES;
				CLANG_ENABLE_OBJC_WEAK = YES;
				CLANG_WARN_BLOCK_CAPTURE_AUTORELEASING = YES;
				CLANG_WARN_BOOL_CONVERSION = YES;
				CLANG_WARN_COMMA = YES;
				CLANG_WARN_CONSTANT_CONVERSION = YES;
				CLANG_WARN_DEPRECATED_OBJC_IMPLEMENTATIONS = YES;
				CLANG_WARN_DIRECT_OBJC_ISA_USAGE = YES_ERROR;
				CLANG_WARN_DOCUMENTATION_COMMENTS = YES;
				CLANG_WARN_EMPTY_BODY = YES;
				CLANG_WARN_ENUM_CONVERSION = YES;
				CLANG_WARN_INFINITE_RECURSION = YES;
				CLANG_WARN_INT_CONVERSION = YES;
				CLANG_WARN_NON_LITERAL_NULL_CONVERSION = YES;
				CLANG_WARN_OBJC_IMPLICIT_RETAIN_SELF = YES;
				CLANG_WARN_OBJC_LITERAL_CONVERSION = YES;
				CLANG_WARN_OBJC_ROOT_CLASS = YES_ERROR;
				CLANG_WARN_RANGE_LOOP_ANALYSIS = YES;
				CLANG_WARN_STRICT_PROTOTYPES = YES;
				CLANG_WARN_SUSPICIOUS_MOVE = YES;
				CLANG_WARN_UNGUARDED_AVAILABILITY = YES_AGGRESSIVE;
				CLANG_WARN_UNREACHABLE_CODE = YES;
				CLANG_WARN__DUPLICATE_METHOD_MATCH = YES;
				CODE_SIGN_IDENTITY = "iPhone Developer";
				COPY_PHASE_STRIP = NO;
				DEBUG_INFORMATION_FORMAT = dwarf;
				ENABLE_STRICT_OBJC_MSGSEND = YES;
				ENABLE_TESTABILITY = YES;
				GCC_C_LANGUAGE_STANDARD = gnu11;
				GCC_DYNAMIC_NO_PIC = NO;
				GCC_NO_COMMON_BLOCKS = YES;
				GCC_OPTIMIZATION_LEVEL = 0;
				GCC_PREPROCESSOR_DEFINITIONS = (
					"DEBUG=1",
					"$(inherited)",
				);
				GCC_WARN_64_TO_32_BIT_CONVERSION = YES;
				GCC_WARN_ABOUT_RETURN_TYPE = YES_ERROR;
				GCC_WARN_UNDECLARED_SELECTOR = YES;
				GCC_WARN_UNINITIALIZED_AUTOS = YES_AGGRESSIVE;
				GCC_WARN_UNUSED_FUNCTION = YES;
				GCC_WARN_UNUSED_VARIABLE = YES;
				IPHONEOS_DEPLOYMENT_TARGET = 12.1;
				MTL_ENABLE_DEBUG_INFO = INCLUDE_SOURCE;
				MTL_FAST_MATH = YES;
				ONLY_ACTIVE_ARCH = YES;
				SDKROOT = iphoneos;
				SWIFT_ACTIVE_COMPILATION_CONDITIONS = DEBUG;
				SWIFT_OPTIMIZATION_LEVEL = "-Onone";
			};
			name = Debug;
		};
		1B9323442200B24F007431B0 /* Release */ = {
			isa = XCBuildConfiguration;
			buildSettings = {
				ALWAYS_SEARCH_USER_PATHS = NO;
				CLANG_ANALYZER_NONNULL = YES;
				CLANG_ANALYZER_NUMBER_OBJECT_CONVERSION = YES_AGGRESSIVE;
				CLANG_CXX_LANGUAGE_STANDARD = "gnu++14";
				CLANG_CXX_LIBRARY = "libc++";
				CLANG_ENABLE_MODULES = YES;
				CLANG_ENABLE_OBJC_ARC = YES;
				CLANG_ENABLE_OBJC_WEAK = YES;
				CLANG_WARN_BLOCK_CAPTURE_AUTORELEASING = YES;
				CLANG_WARN_BOOL_CONVERSION = YES;
				CLANG_WARN_COMMA = YES;
				CLANG_WARN_CONSTANT_CONVERSION = YES;
				CLANG_WARN_DEPRECATED_OBJC_IMPLEMENTATIONS = YES;
				CLANG_WARN_DIRECT_OBJC_ISA_USAGE = YES_ERROR;
				CLANG_WARN_DOCUMENTATION_COMMENTS = YES;
				CLANG_WARN_EMPTY_BODY = YES;
				CLANG_WARN_ENUM_CONVERSION = YES;
				CLANG_WARN_INFINITE_RECURSION = YES;
				CLANG_WARN_INT_CONVERSION = YES;
				CLANG_WARN_NON_LITERAL_NULL_CONVERSION = YES;
				CLANG_WARN_OBJC_IMPLICIT_RETAIN_SELF = YES;
				CLANG_WARN_OBJC_LITERAL_CONVERSION = YES;
				CLANG_WARN_OBJC_ROOT_CLASS = YES_ERROR;
				CLANG_WARN_RANGE_LOOP_ANALYSIS = YES;
				CLANG_WARN_STRICT_PROTOTYPES = YES;
				CLANG_WARN_SUSPICIOUS_MOVE = YES;
				CLANG_WARN_UNGUARDED_AVAILABILITY = YES_AGGRESSIVE;
				CLANG_WARN_UNREACHABLE_CODE = YES;
				CLANG_WARN__DUPLICATE_METHOD_MATCH = YES;
				CODE_SIGN_IDENTITY = "iPhone Developer";
				COPY_PHASE_STRIP = NO;
				DEBUG_INFORMATION_FORMAT = "dwarf-with-dsym";
				ENABLE_NS_ASSERTIONS = NO;
				ENABLE_STRICT_OBJC_MSGSEND = YES;
				GCC_C_LANGUAGE_STANDARD = gnu11;
				GCC_NO_COMMON_BLOCKS = YES;
				GCC_WARN_64_TO_32_BIT_CONVERSION = YES;
				GCC_WARN_ABOUT_RETURN_TYPE = YES_ERROR;
				GCC_WARN_UNDECLARED_SELECTOR = YES;
				GCC_WARN_UNINITIALIZED_AUTOS = YES_AGGRESSIVE;
				GCC_WARN_UNUSED_FUNCTION = YES;
				GCC_WARN_UNUSED_VARIABLE = YES;
				IPHONEOS_DEPLOYMENT_TARGET = 12.1;
				MTL_ENABLE_DEBUG_INFO = NO;
				MTL_FAST_MATH = YES;
				SDKROOT = iphoneos;
				SWIFT_COMPILATION_MODE = wholemodule;
				SWIFT_OPTIMIZATION_LEVEL = "-O";
				VALIDATE_PRODUCT = YES;
			};
			name = Release;
		};
		1B9323462200B24F007431B0 /* Debug */ = {
			isa = XCBuildConfiguration;
			buildSettings = {
				ASSETCATALOG_COMPILER_APPICON_NAME = AppIcon;
				CODE_SIGN_STYLE = Automatic;
				DEVELOPMENT_TEAM = 6CWF679Z8N;
				INFOPLIST_FILE = CountingLabelSwift/Info.plist;
				LD_RUNPATH_SEARCH_PATHS = (
					"$(inherited)",
					"@executable_path/Frameworks",
				);
				PRODUCT_BUNDLE_IDENTIFIER = com.CountingLabelSwift;
				PRODUCT_NAME = "$(TARGET_NAME)";
				SWIFT_VERSION = 4.2;
				TARGETED_DEVICE_FAMILY = "1,2";
			};
			name = Debug;
		};
		1B9323472200B24F007431B0 /* Release */ = {
			isa = XCBuildConfiguration;
			buildSettings = {
				ASSETCATALOG_COMPILER_APPICON_NAME = AppIcon;
				CODE_SIGN_STYLE = Automatic;
				DEVELOPMENT_TEAM = 6CWF679Z8N;
				INFOPLIST_FILE = CountingLabelSwift/Info.plist;
				LD_RUNPATH_SEARCH_PATHS = (
					"$(inherited)",
					"@executable_path/Frameworks",
				);
				PRODUCT_BUNDLE_IDENTIFIER = com.CountingLabelSwift;
				PRODUCT_NAME = "$(TARGET_NAME)";
				SWIFT_VERSION = 4.2;
				TARGETED_DEVICE_FAMILY = "1,2";
			};
			name = Release;
		};
		1B9323492200B24F007431B0 /* Debug */ = {
			isa = XCBuildConfiguration;
			buildSettings = {
				ALWAYS_EMBED_SWIFT_STANDARD_LIBRARIES = YES;
				BUNDLE_LOADER = "$(TEST_HOST)";
				CODE_SIGN_STYLE = Automatic;
				INFOPLIST_FILE = CountingLabelSwiftTests/Info.plist;
				LD_RUNPATH_SEARCH_PATHS = (
					"$(inherited)",
					"@executable_path/Frameworks",
					"@loader_path/Frameworks",
				);
				PRODUCT_BUNDLE_IDENTIFIER = com.CountingLabelSwiftTests;
				PRODUCT_NAME = "$(TARGET_NAME)";
				SWIFT_VERSION = 4.2;
				TARGETED_DEVICE_FAMILY = "1,2";
				TEST_HOST = "$(BUILT_PRODUCTS_DIR)/CountingLabelSwift.app/CountingLabelSwift";
			};
			name = Debug;
		};
		1B93234A2200B24F007431B0 /* Release */ = {
			isa = XCBuildConfiguration;
			buildSettings = {
				ALWAYS_EMBED_SWIFT_STANDARD_LIBRARIES = YES;
				BUNDLE_LOADER = "$(TEST_HOST)";
				CODE_SIGN_STYLE = Automatic;
				INFOPLIST_FILE = CountingLabelSwiftTests/Info.plist;
				LD_RUNPATH_SEARCH_PATHS = (
					"$(inherited)",
					"@executable_path/Frameworks",
					"@loader_path/Frameworks",
				);
				PRODUCT_BUNDLE_IDENTIFIER = com.CountingLabelSwiftTests;
				PRODUCT_NAME = "$(TARGET_NAME)";
				SWIFT_VERSION = 4.2;
				TARGETED_DEVICE_FAMILY = "1,2";
				TEST_HOST = "$(BUILT_PRODUCTS_DIR)/CountingLabelSwift.app/CountingLabelSwift";
			};
			name = Release;
		};
		1B93234C2200B24F007431B0 /* Debug */ = {
			isa = XCBuildConfiguration;
			buildSettings = {
				ALWAYS_EMBED_SWIFT_STANDARD_LIBRARIES = YES;
				CODE_SIGN_STYLE = Automatic;
				INFOPLIST_FILE = CountingLabelSwiftUITests/Info.plist;
				LD_RUNPATH_SEARCH_PATHS = (
					"$(inherited)",
					"@executable_path/Frameworks",
					"@loader_path/Frameworks",
				);
				PRODUCT_BUNDLE_IDENTIFIER = com.CountingLabelSwiftUITests;
				PRODUCT_NAME = "$(TARGET_NAME)";
				SWIFT_VERSION = 4.2;
				TARGETED_DEVICE_FAMILY = "1,2";
				TEST_TARGET_NAME = CountingLabelSwift;
			};
			name = Debug;
		};
		1B93234D2200B24F007431B0 /* Release */ = {
			isa = XCBuildConfiguration;
			buildSettings = {
				ALWAYS_EMBED_SWIFT_STANDARD_LIBRARIES = YES;
				CODE_SIGN_STYLE = Automatic;
				INFOPLIST_FILE = CountingLabelSwiftUITests/Info.plist;
				LD_RUNPATH_SEARCH_PATHS = (
					"$(inherited)",
					"@executable_path/Frameworks",
					"@loader_path/Frameworks",
				);
				PRODUCT_BUNDLE_IDENTIFIER = com.CountingLabelSwiftUITests;
				PRODUCT_NAME = "$(TARGET_NAME)";
				SWIFT_VERSION = 4.2;
				TARGETED_DEVICE_FAMILY = "1,2";
				TEST_TARGET_NAME = CountingLabelSwift;
			};
			name = Release;
		};
/* End XCBuildConfiguration section */

/* Begin XCConfigurationList section */
		1B9323152200B24C007431B0 /* Build configuration list for PBXProject "CountingLabelSwift" */ = {
			isa = XCConfigurationList;
			buildConfigurations = (
				1B9323432200B24F007431B0 /* Debug */,
				1B9323442200B24F007431B0 /* Release */,
			);
			defaultConfigurationIsVisible = 0;
			defaultConfigurationName = Release;
		};
		1B9323452200B24F007431B0 /* Build configuration list for PBXNativeTarget "CountingLabelSwift" */ = {
			isa = XCConfigurationList;
			buildConfigurations = (
				1B9323462200B24F007431B0 /* Debug */,
				1B9323472200B24F007431B0 /* Release */,
			);
			defaultConfigurationIsVisible = 0;
			defaultConfigurationName = Release;
		};
		1B9323482200B24F007431B0 /* Build configuration list for PBXNativeTarget "CountingLabelSwiftTests" */ = {
			isa = XCConfigurationList;
			buildConfigurations = (
				1B9323492200B24F007431B0 /* Debug */,
				1B93234A2200B24F007431B0 /* Release */,
			);
			defaultConfigurationIsVisible = 0;
			defaultConfigurationName = Release;
		};
		1B93234B2200B24F007431B0 /* Build configuration list for PBXNativeTarget "CountingLabelSwiftUITests" */ = {
			isa = XCConfigurationList;
			buildConfigurations = (
				1B93234C2200B24F007431B0 /* Debug */,
				1B93234D2200B24F007431B0 /* Release */,
			);
			defaultConfigurationIsVisible = 0;
			defaultConfigurationName = Release;
		};
/* End XCConfigurationList section */

/* Begin XCVersionGroup section */
		1B9323242200B24C007431B0 /* CountingLabelSwift.xcdatamodeld */ = {
			isa = XCVersionGroup;
			children = (
				1B9323252200B24C007431B0 /* CountingLabelSwift.xcdatamodel */,
			);
			currentVersion = 1B9323252200B24C007431B0 /* CountingLabelSwift.xcdatamodel */;
			path = CountingLabelSwift.xcdatamodeld;
			sourceTree = "<group>";
			versionGroupType = wrapper.xcdatamodel;
		};
/* End XCVersionGroup section */
	};
	rootObject = 1B9323122200B24C007431B0 /* Project object */;
}
